
Microsoft Visual Studio Solution File, Format Version 12.00
# Visual Studio 2013
VisualStudioVersion = 12.0.21005.1
MinimumVisualStudioVersion = 10.0.40219.1
Project("{FAE04EC0-301F-11D3-BF4B-00C04F79EFBC}") = "WXTest", "WXTest\WXTest.csproj", "{19A696DE-0539-4F09-B58A-8083CC882204}"
EndProject
Project("{FAE04EC0-301F-11D3-BF4B-00C04F79EFBC}") = "UnitTestProject", "UnitTestProject\UnitTestProject.csproj", "{778EF341-88ED-49E7-AC3B-17579EBE1A40}"
	ProjectSection(ProjectDependencies) = postProject
		{BCC3CB1E-1FE3-4422-B3AF-4111A51B02C0} = {BCC3CB1E-1FE3-4422-B3AF-4111A51B02C0}
		{28BB29D9-056F-4FEF-B1E9-FFCBFB26F227} = {28BB29D9-056F-4FEF-B1E9-FFCBFB26F227}
	EndProjectSection
EndProject
Project("{FAE04EC0-301F-11D3-BF4B-00C04F79EFBC}") = "Common", "Common\Common.csproj", "{BA0A036A-20DF-458F-9389-034189FD3992}"
	ProjectSection(ProjectDependencies) = postProject
		{BCC3CB1E-1FE3-4422-B3AF-4111A51B02C0} = {BCC3CB1E-1FE3-4422-B3AF-4111A51B02C0}
		{7B466562-308A-47C7-9771-BA1A670EB410} = {7B466562-308A-47C7-9771-BA1A670EB410}
		{28BB29D9-056F-4FEF-B1E9-FFCBFB26F227} = {28BB29D9-056F-4FEF-B1E9-FFCBFB26F227}
	EndProjectSection
EndProject
Project("{FAE04EC0-301F-11D3-BF4B-00C04F79EFBC}") = "Model", "Model\Model.csproj", "{BCC3CB1E-1FE3-4422-B3AF-4111A51B02C0}"
	ProjectSection(ProjectDependencies) = postProject
		{28BB29D9-056F-4FEF-B1E9-FFCBFB26F227} = {28BB29D9-056F-4FEF-B1E9-FFCBFB26F227}
	EndProjectSection
EndProject
Project("{FAE04EC0-301F-11D3-BF4B-00C04F79EFBC}") = "Libs", "Libs\Libs.csproj", "{28BB29D9-056F-4FEF-B1E9-FFCBFB26F227}"
EndProject
Project("{FAE04EC0-301F-11D3-BF4B-00C04F79EFBC}") = "DAL", "DAL\DAL.csproj", "{C0C30309-3B45-47DB-B926-5B2A1D34E04C}"
EndProject
Project("{FAE04EC0-301F-11D3-BF4B-00C04F79EFBC}") = "BLL", "BLL\BLL.csproj", "{7B466562-308A-47C7-9771-BA1A670EB410}"
	ProjectSection(ProjectDependencies) = postProject
		{C0C30309-3B45-47DB-B926-5B2A1D34E04C} = {C0C30309-3B45-47DB-B926-5B2A1D34E04C}
		{BCC3CB1E-1FE3-4422-B3AF-4111A51B02C0} = {BCC3CB1E-1FE3-4422-B3AF-4111A51B02C0}
		{28BB29D9-056F-4FEF-B1E9-FFCBFB26F227} = {28BB29D9-056F-4FEF-B1E9-FFCBFB26F227}
	EndProjectSection
EndProject
Project("{FAE04EC0-301F-11D3-BF4B-00C04F79EFBC}") = "WXPay", "WXPay\WXPay.csproj", "{98FA0E3F-6CD9-4215-A407-3F1ECBF0D1B3}"
EndProject
Global
	GlobalSection(SolutionConfigurationPlatforms) = preSolution
		Debug|Any CPU = Debug|Any CPU
		Release|Any CPU = Release|Any CPU
	EndGlobalSection
	GlobalSection(ProjectConfigurationPlatforms) = postSolution
		{19A696DE-0539-4F09-B58A-8083CC882204}.Debug|Any CPU.ActiveCfg = Debug|Any CPU
		{19A696DE-0539-4F09-B58A-8083CC882204}.Debug|Any CPU.Build.0 = Debug|Any CPU
		{19A696DE-0539-4F09-B58A-8083CC882204}.Release|Any CPU.ActiveCfg = Release|Any CPU
		{19A696DE-0539-4F09-B58A-8083CC882204}.Release|Any CPU.Build.0 = Release|Any CPU
		{778EF341-88ED-49E7-AC3B-17579EBE1A40}.Debug|Any CPU.ActiveCfg = Debug|Any CPU
		{778EF341-88ED-49E7-AC3B-17579EBE1A40}.Debug|Any CPU.Build.0 = Debug|Any CPU
		{778EF341-88ED-49E7-AC3B-17579EBE1A40}.Release|Any CPU.ActiveCfg = Release|Any CPU
		{778EF341-88ED-49E7-AC3B-17579EBE1A40}.Release|Any CPU.Build.0 = Release|Any CPU
		{BA0A036A-20DF-458F-9389-034189FD3992}.Debug|Any CPU.ActiveCfg = Debug|Any CPU
		{BA0A036A-20DF-458F-9389-034189FD3992}.Debug|Any CPU.Build.0 = Debug|Any CPU
		{BA0A036A-20DF-458F-9389-034189FD3992}.Release|Any CPU.ActiveCfg = Release|Any CPU
		{BA0A036A-20DF-458F-9389-034189FD3992}.Release|Any CPU.Build.0 = Release|Any CPU
		{BCC3CB1E-1FE3-4422-B3AF-4111A51B02C0}.Debug|Any CPU.ActiveCfg = Debug|Any CPU
		{BCC3CB1E-1FE3-4422-B3AF-4111A51B02C0}.Debug|Any CPU.Build.0 = Debug|Any CPU
		{BCC3CB1E-1FE3-4422-B3AF-4111A51B02C0}.Release|Any CPU.ActiveCfg = Release|Any CPU
		{BCC3CB1E-1FE3-4422-B3AF-4111A51B02C0}.Release|Any CPU.Build.0 = Release|Any CPU
		{28BB29D9-056F-4FEF-B1E9-FFCBFB26F227}.Debug|Any CPU.ActiveCfg = Debug|Any CPU
		{28BB29D9-056F-4FEF-B1E9-FFCBFB26F227}.Debug|Any CPU.Build.0 = Debug|Any CPU
		{28BB29D9-056F-4FEF-B1E9-FFCBFB26F227}.Release|Any CPU.ActiveCfg = Release|Any CPU
		{28BB29D9-056F-4FEF-B1E9-FFCBFB26F227}.Release|Any CPU.Build.0 = Release|Any CPU
		{C0C30309-3B45-47DB-B926-5B2A1D34E04C}.Debug|Any CPU.ActiveCfg = Debug|Any CPU
		{C0C30309-3B45-47DB-B926-5B2A1D34E04C}.Debug|Any CPU.Build.0 = Debug|Any CPU
		{C0C30309-3B45-47DB-B926-5B2A1D34E04C}.Release|Any CPU.ActiveCfg = Release|Any CPU
		{C0C30309-3B45-47DB-B926-5B2A1D34E04C}.Release|Any CPU.Build.0 = Release|Any CPU
		{7B466562-308A-47C7-9771-BA1A670EB410}.Debug|Any CPU.ActiveCfg = Debug|Any CPU
		{7B466562-308A-47C7-9771-BA1A670EB410}.Debug|Any CPU.Build.0 = Debug|Any CPU
		{7B466562-308A-47C7-9771-BA1A670EB410}.Release|Any CPU.ActiveCfg = Release|Any CPU
		{7B466562-308A-47C7-9771-BA1A670EB410}.Release|Any CPU.Build.0 = Release|Any CPU
		{98FA0E3F-6CD9-4215-A407-3F1ECBF0D1B3}.Debug|Any CPU.ActiveCfg = Debug|Any CPU
		{98FA0E3F-6CD9-4215-A407-3F1ECBF0D1B3}.Debug|Any CPU.Build.0 = Debug|Any CPU
		{98FA0E3F-6CD9-4215-A407-3F1ECBF0D1B3}.Release|Any CPU.ActiveCfg = Release|Any CPU
		{98FA0E3F-6CD9-4215-A407-3F1ECBF0D1B3}.Release|Any CPU.Build.0 = Release|Any CPU
	EndGlobalSection
	GlobalSection(SolutionProperties) = preSolution
		HideSolutionNode = FALSE
	EndGlobalSection
EndGlobal
